
Microsoft Visual Studio Solution File, Format Version 12.00
# Visual Studio Version 17
VisualStudioVersion = 17.8.34511.84
MinimumVisualStudioVersion = 10.0.40219.1
Project("{FAE04EC0-301F-11D3-BF4B-00C04F79EFBC}") = "PasswordManager", "PasswordManager\PasswordManager.csproj", "{429FCE2A-E941-4E7A-83DB-806743A1B92F}"
EndProject
Project("{54435603-DBB4-11D2-8724-00A0C9A8B90C}") = "PasswordManagerSetup", "PasswordManagerSetup\PasswordManagerSetup.vdproj", "{51573D20-1EBC-4BB0-B8C1-50898674743E}"
EndProject
Global
	GlobalSection(SolutionConfigurationPlatforms) = preSolution
		Debug|Any CPU = Debug|Any CPU
		Release|Any CPU = Release|Any CPU
	EndGlobalSection
	GlobalSection(ProjectConfigurationPlatforms) = postSolution
		{429FCE2A-E941-4E7A-83DB-806743A1B92F}.Debug|Any CPU.ActiveCfg = Debug|Any CPU
		{429FCE2A-E941-4E7A-83DB-806743A1B92F}.Debug|Any CPU.Build.0 = Debug|Any CPU
		{429FCE2A-E941-4E7A-83DB-806743A1B92F}.Release|Any CPU.ActiveCfg = Release|Any CPU
		{429FCE2A-E941-4E7A-83DB-806743A1B92F}.Release|Any CPU.Build.0 = Release|Any CPU
		{51573D20-1EBC-4BB0-B8C1-50898674743E}.Debug|Any CPU.ActiveCfg = Release
		{51573D20-1EBC-4BB0-B8C1-50898674743E}.Debug|Any CPU.Build.0 = Release
		{51573D20-1EBC-4BB0-B8C1-50898674743E}.Release|Any CPU.ActiveCfg = Release
	EndGlobalSection
	GlobalSection(SolutionProperties) = preSolution
		HideSolutionNode = FALSE
	EndGlobalSection
	GlobalSection(ExtensibilityGlobals) = postSolution
		SolutionGuid = {BE682222-32D9-44B1-A0BE-E4F8DB3AB957}
	EndGlobalSection
EndGlobal
